// !$*UTF8*$!
{
	archiveVersion = 1;
	classes = {
	};
	objectVersion = 50;
	objects = {

/* Begin PBXBuildFile section */
		DED46D452340AE7F0071A579 /* SortOptionCell.swift in Sources */ = {isa = PBXBuildFile; fileRef = DED46D442340AE7F0071A579 /* SortOptionCell.swift */; };
		DED46D472340C67F0071A579 /* MovieDetailController.swift in Sources */ = {isa = PBXBuildFile; fileRef = DED46D462340C67F0071A579 /* MovieDetailController.swift */; };
		DED46D492340DE210071A579 /* MovieDetails.swift in Sources */ = {isa = PBXBuildFile; fileRef = DED46D482340DE210071A579 /* MovieDetails.swift */; };
		DEF9CECC233FA84B00FEF305 /* AppDelegate.swift in Sources */ = {isa = PBXBuildFile; fileRef = DEF9CECB233FA84B00FEF305 /* AppDelegate.swift */; };
		DEF9CECE233FA84B00FEF305 /* SceneDelegate.swift in Sources */ = {isa = PBXBuildFile; fileRef = DEF9CECD233FA84B00FEF305 /* SceneDelegate.swift */; };
		DEF9CED0233FA84B00FEF305 /* MovieListController.swift in Sources */ = {isa = PBXBuildFile; fileRef = DEF9CECF233FA84B00FEF305 /* MovieListController.swift */; };
		DEF9CED3233FA84B00FEF305 /* Main.storyboard in Resources */ = {isa = PBXBuildFile; fileRef = DEF9CED1233FA84B00FEF305 /* Main.storyboard */; };
		DEF9CED5233FA84B00FEF305 /* Assets.xcassets in Resources */ = {isa = PBXBuildFile; fileRef = DEF9CED4233FA84B00FEF305 /* Assets.xcassets */; };
		DEF9CED8233FA84B00FEF305 /* LaunchScreen.storyboard in Resources */ = {isa = PBXBuildFile; fileRef = DEF9CED6233FA84B00FEF305 /* LaunchScreen.storyboard */; };
		DEF9CEE2233FA89D00FEF305 /* MovieDBClient.swift in Sources */ = {isa = PBXBuildFile; fileRef = DEF9CEE1233FA89D00FEF305 /* MovieDBClient.swift */; };
		DEF9CEE4233FA8B100FEF305 /* Movie.swift in Sources */ = {isa = PBXBuildFile; fileRef = DEF9CEE3233FA8B100FEF305 /* Movie.swift */; };
		DEF9CEE7233FA95100FEF305 /* Secrets.plist in Resources */ = {isa = PBXBuildFile; fileRef = DEF9CEE6233FA95100FEF305 /* Secrets.plist */; };
		DEF9CEEA233FAFA700FEF305 /* MovieSearchResponse.swift in Sources */ = {isa = PBXBuildFile; fileRef = DEF9CEE9233FAFA700FEF305 /* MovieSearchResponse.swift */; };
		DEF9CEEC233FB06000FEF305 /* MovieDBResponse.swift in Sources */ = {isa = PBXBuildFile; fileRef = DEF9CEEB233FB06000FEF305 /* MovieDBResponse.swift */; };
		DEF9CEEE233FBBF000FEF305 /* MovieCell.swift in Sources */ = {isa = PBXBuildFile; fileRef = DEF9CEED233FBBF000FEF305 /* MovieCell.swift */; };
		DEF9CEF1234003E500FEF305 /* Genre.swift in Sources */ = {isa = PBXBuildFile; fileRef = DEF9CEF0234003E500FEF305 /* Genre.swift */; };
		DEF9CEF3234004A400FEF305 /* GenreResponse.swift in Sources */ = {isa = PBXBuildFile; fileRef = DEF9CEF2234004A400FEF305 /* GenreResponse.swift */; };
/* End PBXBuildFile section */

/* Begin PBXFileReference section */
		DED46D442340AE7F0071A579 /* SortOptionCell.swift */ = {isa = PBXFileReference; lastKnownFileType = sourcecode.swift; path = SortOptionCell.swift; sourceTree = "<group>"; };
		DED46D462340C67F0071A579 /* MovieDetailController.swift */ = {isa = PBXFileReference; lastKnownFileType = sourcecode.swift; path = MovieDetailController.swift; sourceTree = "<group>"; };
		DED46D482340DE210071A579 /* MovieDetails.swift */ = {isa = PBXFileReference; lastKnownFileType = sourcecode.swift; path = MovieDetails.swift; sourceTree = "<group>"; };
		DEF9CEC8233FA84B00FEF305 /* MovieSearch.app */ = {isa = PBXFileReference; explicitFileType = wrapper.application; includeInIndex = 0; path = MovieSearch.app; sourceTree = BUILT_PRODUCTS_DIR; };
		DEF9CECB233FA84B00FEF305 /* AppDelegate.swift */ = {isa = PBXFileReference; lastKnownFileType = sourcecode.swift; path = AppDelegate.swift; sourceTree = "<group>"; };
		DEF9CECD233FA84B00FEF305 /* SceneDelegate.swift */ = {isa = PBXFileReference; lastKnownFileType = sourcecode.swift; path = SceneDelegate.swift; sourceTree = "<group>"; };
		DEF9CECF233FA84B00FEF305 /* MovieListController.swift */ = {isa = PBXFileReference; lastKnownFileType = sourcecode.swift; path = MovieListController.swift; sourceTree = "<group>"; };
		DEF9CED2233FA84B00FEF305 /* Base */ = {isa = PBXFileReference; lastKnownFileType = file.storyboard; name = Base; path = Base.lproj/Main.storyboard; sourceTree = "<group>"; };
		DEF9CED4233FA84B00FEF305 /* Assets.xcassets */ = {isa = PBXFileReference; lastKnownFileType = folder.assetcatalog; path = Assets.xcassets; sourceTree = "<group>"; };
		DEF9CED7233FA84B00FEF305 /* Base */ = {isa = PBXFileReference; lastKnownFileType = file.storyboard; name = Base; path = Base.lproj/LaunchScreen.storyboard; sourceTree = "<group>"; };
		DEF9CED9233FA84B00FEF305 /* Info.plist */ = {isa = PBXFileReference; lastKnownFileType = text.plist.xml; path = Info.plist; sourceTree = "<group>"; };
		DEF9CEE1233FA89D00FEF305 /* MovieDBClient.swift */ = {isa = PBXFileReference; lastKnownFileType = sourcecode.swift; path = MovieDBClient.swift; sourceTree = "<group>"; };
		DEF9CEE3233FA8B100FEF305 /* Movie.swift */ = {isa = PBXFileReference; lastKnownFileType = sourcecode.swift; path = Movie.swift; sourceTree = "<group>"; };
		DEF9CEE6233FA95100FEF305 /* Secrets.plist */ = {isa = PBXFileReference; lastKnownFileType = text.plist.xml; path = Secrets.plist; sourceTree = "<group>"; };
		DEF9CEE9233FAFA700FEF305 /* MovieSearchResponse.swift */ = {isa = PBXFileReference; lastKnownFileType = sourcecode.swift; path = MovieSearchResponse.swift; sourceTree = "<group>"; };
		DEF9CEEB233FB06000FEF305 /* MovieDBResponse.swift */ = {isa = PBXFileReference; lastKnownFileType = sourcecode.swift; path = MovieDBResponse.swift; sourceTree = "<group>"; };
		DEF9CEED233FBBF000FEF305 /* MovieCell.swift */ = {isa = PBXFileReference; lastKnownFileType = sourcecode.swift; path = MovieCell.swift; sourceTree = "<group>"; };
		DEF9CEF0234003E500FEF305 /* Genre.swift */ = {isa = PBXFileReference; lastKnownFileType = sourcecode.swift; path = Genre.swift; sourceTree = "<group>"; };
		DEF9CEF2234004A400FEF305 /* GenreResponse.swift */ = {isa = PBXFileReference; lastKnownFileType = sourcecode.swift; path = GenreResponse.swift; sourceTree = "<group>"; };
/* End PBXFileReference section */

/* Begin PBXFrameworksBuildPhase section */
		DEF9CEC5233FA84B00FEF305 /* Frameworks */ = {
			isa = PBXFrameworksBuildPhase;
			buildActionMask = 2147483647;
			files = (
			);
			runOnlyForDeploymentPostprocessing = 0;
		};
/* End PBXFrameworksBuildPhase section */

/* Begin PBXGroup section */
		DED46D4A2340DE4C0071A579 /* Response */ = {
			isa = PBXGroup;
			children = (
				DEF9CEF2234004A400FEF305 /* GenreResponse.swift */,
				DEF9CEE9233FAFA700FEF305 /* MovieSearchResponse.swift */,
				DEF9CEEB233FB06000FEF305 /* MovieDBResponse.swift */,
			);
			path = Response;
			sourceTree = "<group>";
		};
		DEF9CEBF233FA84B00FEF305 = {
			isa = PBXGroup;
			children = (
				DEF9CECA233FA84B00FEF305 /* MovieSearch */,
				DEF9CEC9233FA84B00FEF305 /* Products */,
			);
			sourceTree = "<group>";
		};
		DEF9CEC9233FA84B00FEF305 /* Products */ = {
			isa = PBXGroup;
			children = (
				DEF9CEC8233FA84B00FEF305 /* MovieSearch.app */,
			);
			name = Products;
			sourceTree = "<group>";
		};
		DEF9CECA233FA84B00FEF305 /* MovieSearch */ = {
			isa = PBXGroup;
			children = (
				DEF9CECB233FA84B00FEF305 /* AppDelegate.swift */,
				DEF9CECD233FA84B00FEF305 /* SceneDelegate.swift */,
				DEF9CEE0233FA87A00FEF305 /* Model */,
				DEF9CEDF233FA86900FEF305 /* View */,
				DEF9CEE8233FAB1300FEF305 /* Controller */,
				DEF9CEE5233FA93E00FEF305 /* Resources */,
				DEF9CED9233FA84B00FEF305 /* Info.plist */,
			);
			path = MovieSearch;
			sourceTree = "<group>";
		};
		DEF9CEDF233FA86900FEF305 /* View */ = {
			isa = PBXGroup;
			children = (
				DEF9CED1233FA84B00FEF305 /* Main.storyboard */,
				DEF9CEED233FBBF000FEF305 /* MovieCell.swift */,
				DED46D442340AE7F0071A579 /* SortOptionCell.swift */,
				DEF9CED6233FA84B00FEF305 /* LaunchScreen.storyboard */,
			);
			path = View;
			sourceTree = "<group>";
		};
		DEF9CEE0233FA87A00FEF305 /* Model */ = {
			isa = PBXGroup;
			children = (
				DEF9CEE1233FA89D00FEF305 /* MovieDBClient.swift */,
				DEF9CEEF234003CC00FEF305 /* Types */,
			);
			path = Model;
			sourceTree = "<group>";
		};
		DEF9CEE5233FA93E00FEF305 /* Resources */ = {
			isa = PBXGroup;
			children = (
				DEF9CED4233FA84B00FEF305 /* Assets.xcassets */,
				DEF9CEE6233FA95100FEF305 /* Secrets.plist */,
			);
			path = Resources;
			sourceTree = "<group>";
		};
		DEF9CEE8233FAB1300FEF305 /* Controller */ = {
			isa = PBXGroup;
			children = (
				DEF9CECF233FA84B00FEF305 /* MovieListController.swift */,
				DED46D462340C67F0071A579 /* MovieDetailController.swift */,
			);
			path = Controller;
			sourceTree = "<group>";
		};
		DEF9CEEF234003CC00FEF305 /* Types */ = {
			isa = PBXGroup;
			children = (
				DED46D4A2340DE4C0071A579 /* Response */,
				DED46D482340DE210071A579 /* MovieDetails.swift */,
				DEF9CEF0234003E500FEF305 /* Genre.swift */,
				DEF9CEE3233FA8B100FEF305 /* Movie.swift */,
			);
			path = Types;
			sourceTree = "<group>";
		};
/* End PBXGroup section */

/* Begin PBXNativeTarget section */
		DEF9CEC7233FA84B00FEF305 /* MovieSearch */ = {
			isa = PBXNativeTarget;
			buildConfigurationList = DEF9CEDC233FA84B00FEF305 /* Build configuration list for PBXNativeTarget "MovieSearch" */;
			buildPhases = (
				DEF9CEC4233FA84B00FEF305 /* Sources */,
				DEF9CEC5233FA84B00FEF305 /* Frameworks */,
				DEF9CEC6233FA84B00FEF305 /* Resources */,
			);
			buildRules = (
			);
			dependencies = (
			);
			name = MovieSearch;
			productName = MovieSearch;
			productReference = DEF9CEC8233FA84B00FEF305 /* MovieSearch.app */;
			productType = "com.apple.product-type.application";
		};
/* End PBXNativeTarget section */

/* Begin PBXProject section */
		DEF9CEC0233FA84B00FEF305 /* Project object */ = {
			isa = PBXProject;
			attributes = {
				LastSwiftUpdateCheck = 1100;
				LastUpgradeCheck = 1100;
				ORGANIZATIONNAME = "Frank Mortensen";
				TargetAttributes = {
					DEF9CEC7233FA84B00FEF305 = {
						CreatedOnToolsVersion = 11.0;
					};
				};
			};
			buildConfigurationList = DEF9CEC3233FA84B00FEF305 /* Build configuration list for PBXProject "MovieSearch" */;
			compatibilityVersion = "Xcode 9.3";
			developmentRegion = en;
			hasScannedForEncodings = 0;
			knownRegions = (
				en,
				Base,
			);
			mainGroup = DEF9CEBF233FA84B00FEF305;
			productRefGroup = DEF9CEC9233FA84B00FEF305 /* Products */;
			projectDirPath = "";
			projectRoot = "";
			targets = (
				DEF9CEC7233FA84B00FEF305 /* MovieSearch */,
			);
		};
/* End PBXProject section */

/* Begin PBXResourcesBuildPhase section */
		DEF9CEC6233FA84B00FEF305 /* Resources */ = {
			isa = PBXResourcesBuildPhase;
			buildActionMask = 2147483647;
			files = (
				DEF9CEE7233FA95100FEF305 /* Secrets.plist in Resources */,
				DEF9CED8233FA84B00FEF305 /* LaunchScreen.storyboard in Resources */,
				DEF9CED5233FA84B00FEF305 /* Assets.xcassets in Resources */,
				DEF9CED3233FA84B00FEF305 /* Main.storyboard in Resources */,
			);
			runOnlyForDeploymentPostprocessing = 0;
		};
/* End PBXResourcesBuildPhase section */

/* Begin PBXSourcesBuildPhase section */
		DEF9CEC4233FA84B00FEF305 /* Sources */ = {
			isa = PBXSourcesBuildPhase;
			buildActionMask = 2147483647;
			files = (
				DED46D492340DE210071A579 /* MovieDetails.swift in Sources */,
				DEF9CEF1234003E500FEF305 /* Genre.swift in Sources */,
				DEF9CED0233FA84B00FEF305 /* MovieListController.swift in Sources */,
				DEF9CECC233FA84B00FEF305 /* AppDelegate.swift in Sources */,
				DEF9CEEE233FBBF000FEF305 /* MovieCell.swift in Sources */,
				DEF9CEF3234004A400FEF305 /* GenreResponse.swift in Sources */,
				DEF9CEE2233FA89D00FEF305 /* MovieDBClient.swift in Sources */,
				DEF9CEEA233FAFA700FEF305 /* MovieSearchResponse.swift in Sources */,
				DEF9CECE233FA84B00FEF305 /* SceneDelegate.swift in Sources */,
				DED46D452340AE7F0071A579 /* SortOptionCell.swift in Sources */,
				DED46D472340C67F0071A579 /* MovieDetailController.swift in Sources */,
				DEF9CEEC233FB06000FEF305 /* MovieDBResponse.swift in Sources */,
				DEF9CEE4233FA8B100FEF305 /* Movie.swift in Sources */,
			);
			runOnlyForDeploymentPostprocessing = 0;
		};
/* End PBXSourcesBuildPhase section */

/* Begin PBXVariantGroup section */
		DEF9CED1233FA84B00FEF305 /* Main.storyboard */ = {
			isa = PBXVariantGroup;
			children = (
				DEF9CED2233FA84B00FEF305 /* Base */,
			);
			name = Main.storyboard;
			sourceTree = "<group>";
		};
		DEF9CED6233FA84B00FEF305 /* LaunchScreen.storyboard */ = {
			isa = PBXVariantGroup;
			children = (
				DEF9CED7233FA84B00FEF305 /* Base */,
			);
			name = LaunchScreen.storyboard;
			sourceTree = "<group>";
		};
/* End PBXVariantGroup section */

/* Begin XCBuildConfiguration section */
		DEF9CEDA233FA84B00FEF305 /* Debug */ = {
			isa = XCBuildConfiguration;
			buildSettings = {
				ALWAYS_SEARCH_USER_PATHS = NO;
				CLANG_ANALYZER_NONNULL = YES;
				CLANG_ANALYZER_NUMBER_OBJECT_CONVERSION = YES_AGGRESSIVE;
				CLANG_CXX_LANGUAGE_STANDARD = "gnu++14";
				CLANG_CXX_LIBRARY = "libc++";
				CLANG_ENABLE_MODULES = YES;
				CLANG_ENABLE_OBJC_ARC = YES;
				CLANG_ENABLE_OBJC_WEAK = YES;
				CLANG_WARN_BLOCK_CAPTURE_AUTORELEASING = YES;
				CLANG_WARN_BOOL_CONVERSION = YES;
				CLANG_WARN_COMMA = YES;
				CLANG_WARN_CONSTANT_CONVERSION = YES;
				CLANG_WARN_DEPRECATED_OBJC_IMPLEMENTATIONS = YES;
				CLANG_WARN_DIRECT_OBJC_ISA_USAGE = YES_ERROR;
				CLANG_WARN_DOCUMENTATION_COMMENTS = YES;
				CLANG_WARN_EMPTY_BODY = YES;
				CLANG_WARN_ENUM_CONVERSION = YES;
				CLANG_WARN_INFINITE_RECURSION = YES;
				CLANG_WARN_INT_CONVERSION = YES;
				CLANG_WARN_NON_LITERAL_NULL_CONVERSION = YES;
				CLANG_WARN_OBJC_IMPLICIT_RETAIN_SELF = YES;
				CLANG_WARN_OBJC_LITERAL_CONVERSION = YES;
				CLANG_WARN_OBJC_ROOT_CLASS = YES_ERROR;
				CLANG_WARN_RANGE_LOOP_ANALYSIS = YES;
				CLANG_WARN_STRICT_PROTOTYPES = YES;
				CLANG_WARN_SUSPICIOUS_MOVE = YES;
				CLANG_WARN_UNGUARDED_AVAILABILITY = YES_AGGRESSIVE;
				CLANG_WARN_UNREACHABLE_CODE = YES;
				CLANG_WARN__DUPLICATE_METHOD_MATCH = YES;
				COPY_PHASE_STRIP = NO;
				DEBUG_INFORMATION_FORMAT = dwarf;
				ENABLE_STRICT_OBJC_MSGSEND = YES;
				ENABLE_TESTABILITY = YES;
				GCC_C_LANGUAGE_STANDARD = gnu11;
				GCC_DYNAMIC_NO_PIC = NO;
				GCC_NO_COMMON_BLOCKS = YES;
				GCC_OPTIMIZATION_LEVEL = 0;
				GCC_PREPROCESSOR_DEFINITIONS = (
					"DEBUG=1",
					"$(inherited)",
				);
				GCC_WARN_64_TO_32_BIT_CONVERSION = YES;
				GCC_WARN_ABOUT_RETURN_TYPE = YES_ERROR;
				GCC_WARN_UNDECLARED_SELECTOR = YES;
				GCC_WARN_UNINITIALIZED_AUTOS = YES_AGGRESSIVE;
				GCC_WARN_UNUSED_FUNCTION = YES;
				GCC_WARN_UNUSED_VARIABLE = YES;
				IPHONEOS_DEPLOYMENT_TARGET = 13.0;
				MTL_ENABLE_DEBUG_INFO = INCLUDE_SOURCE;
				MTL_FAST_MATH = YES;
				ONLY_ACTIVE_ARCH = YES;
				SDKROOT = iphoneos;
				SWIFT_ACTIVE_COMPILATION_CONDITIONS = DEBUG;
				SWIFT_OPTIMIZATION_LEVEL = "-Onone";
			};
			name = Debug;
		};
		DEF9CEDB233FA84B00FEF305 /* Release */ = {
			isa = XCBuildConfiguration;
			buildSettings = {
				ALWAYS_SEARCH_USER_PATHS = NO;
				CLANG_ANALYZER_NONNULL = YES;
				CLANG_ANALYZER_NUMBER_OBJECT_CONVERSION = YES_AGGRESSIVE;
				CLANG_CXX_LANGUAGE_STANDARD = "gnu++14";
				CLANG_CXX_LIBRARY = "libc++";
				CLANG_ENABLE_MODULES = YES;
				CLANG_ENABLE_OBJC_ARC = YES;
				CLANG_ENABLE_OBJC_WEAK = YES;
				CLANG_WARN_BLOCK_CAPTURE_AUTORELEASING = YES;
				CLANG_WARN_BOOL_CONVERSION = YES;
				CLANG_WARN_COMMA = YES;
				CLANG_WARN_CONSTANT_CONVERSION = YES;
				CLANG_WARN_DEPRECATED_OBJC_IMPLEMENTATIONS = YES;
				CLANG_WARN_DIRECT_OBJC_ISA_USAGE = YES_ERROR;
				CLANG_WARN_DOCUMENTATION_COMMENTS = YES;
				CLANG_WARN_EMPTY_BODY = YES;
				CLANG_WARN_ENUM_CONVERSION = YES;
				CLANG_WARN_INFINITE_RECURSION = YES;
				CLANG_WARN_INT_CONVERSION = YES;
				CLANG_WARN_NON_LITERAL_NULL_CONVERSION = YES;
				CLANG_WARN_OBJC_IMPLICIT_RETAIN_SELF = YES;
				CLANG_WARN_OBJC_LITERAL_CONVERSION = YES;
				CLANG_WARN_OBJC_ROOT_CLASS = YES_ERROR;
				CLANG_WARN_RANGE_LOOP_ANALYSIS = YES;
				CLANG_WARN_STRICT_PROTOTYPES = YES;
				CLANG_WARN_SUSPICIOUS_MOVE = YES;
				CLANG_WARN_UNGUARDED_AVAILABILITY = YES_AGGRESSIVE;
				CLANG_WARN_UNREACHABLE_CODE = YES;
				CLANG_WARN__DUPLICATE_METHOD_MATCH = YES;
				COPY_PHASE_STRIP = NO;
				DEBUG_INFORMATION_FORMAT = "dwarf-with-dsym";
				ENABLE_NS_ASSERTIONS = NO;
				ENABLE_STRICT_OBJC_MSGSEND = YES;
				GCC_C_LANGUAGE_STANDARD = gnu11;
				GCC_NO_COMMON_BLOCKS = YES;
				GCC_WARN_64_TO_32_BIT_CONVERSION = YES;
				GCC_WARN_ABOUT_RETURN_TYPE = YES_ERROR;
				GCC_WARN_UNDECLARED_SELECTOR = YES;
				GCC_WARN_UNINITIALIZED_AUTOS = YES_AGGRESSIVE;
				GCC_WARN_UNUSED_FUNCTION = YES;
				GCC_WARN_UNUSED_VARIABLE = YES;
				IPHONEOS_DEPLOYMENT_TARGET = 13.0;
				MTL_ENABLE_DEBUG_INFO = NO;
				MTL_FAST_MATH = YES;
				SDKROOT = iphoneos;
				SWIFT_COMPILATION_MODE = wholemodule;
				SWIFT_OPTIMIZATION_LEVEL = "-O";
				VALIDATE_PRODUCT = YES;
			};
			name = Release;
		};
		DEF9CEDD233FA84B00FEF305 /* Debug */ = {
			isa = XCBuildConfiguration;
			buildSettings = {
				ASSETCATALOG_COMPILER_APPICON_NAME = AppIcon;
				CODE_SIGN_STYLE = Automatic;
				DEVELOPMENT_TEAM = NRNCDR832H;
				INFOPLIST_FILE = MovieSearch/Info.plist;
				LD_RUNPATH_SEARCH_PATHS = (
					"$(inherited)",
					"@executable_path/Frameworks",
				);
				PRODUCT_BUNDLE_IDENTIFIER = im.mortensen.MovieSearch;
				PRODUCT_NAME = "$(TARGET_NAME)";
				SWIFT_VERSION = 5.0;
				TARGETED_DEVICE_FAMILY = 1;
			};
			name = Debug;
		};
		DEF9CEDE233FA84B00FEF305 /* Release */ = {
			isa = XCBuildConfiguration;
			buildSettings = {
				ASSETCATALOG_COMPILER_APPICON_NAME = AppIcon;
				CODE_SIGN_STYLE = Automatic;
				DEVELOPMENT_TEAM = NRNCDR832H;
				INFOPLIST_FILE = MovieSearch/Info.plist;
				LD_RUNPATH_SEARCH_PATHS = (
					"$(inherited)",
					"@executable_path/Frameworks",
				);
				PRODUCT_BUNDLE_IDENTIFIER = im.mortensen.MovieSearch;
				PRODUCT_NAME = "$(TARGET_NAME)";
				SWIFT_VERSION = 5.0;
				TARGETED_DEVICE_FAMILY = 1;
			};
			name = Release;
		};
/* End XCBuildConfiguration section */

/* Begin XCConfigurationList section */
		DEF9CEC3233FA84B00FEF305 /* Build configuration list for PBXProject "MovieSearch" */ = {
			isa = XCConfigurationList;
			buildConfigurations = (
				DEF9CEDA233FA84B00FEF305 /* Debug */,
				DEF9CEDB233FA84B00FEF305 /* Release */,
			);
			defaultConfigurationIsVisible = 0;
			defaultConfigurationName = Release;
		};
		DEF9CEDC233FA84B00FEF305 /* Build configuration list for PBXNativeTarget "MovieSearch" */ = {
			isa = XCConfigurationList;
			buildConfigurations = (
				DEF9CEDD233FA84B00FEF305 /* Debug */,
				DEF9CEDE233FA84B00FEF305 /* Release */,
			);
			defaultConfigurationIsVisible = 0;
			defaultConfigurationName = Release;
		};
/* End XCConfigurationList section */
	};
	rootObject = DEF9CEC0233FA84B00FEF305 /* Project object */;
}
